// !$*UTF8*$!
{
	archiveVersion = 1;
	classes = {
	};
	objectVersion = 50;
	objects = {

/* Begin PBXBuildFile section */
		7FE6CA5620FF5F5300E2EA9A /* AppDelegate.swift in Sources */ = {isa = PBXBuildFile; fileRef = 7FE6CA5520FF5F5300E2EA9A /* AppDelegate.swift */; };
		7FE6CA5820FF5F5300E2EA9A /* ViewController.swift in Sources */ = {isa = PBXBuildFile; fileRef = 7FE6CA5720FF5F5300E2EA9A /* ViewController.swift */; };
		7FE6CA5B20FF5F5300E2EA9A /* Main.storyboard in Resources */ = {isa = PBXBuildFile; fileRef = 7FE6CA5920FF5F5300E2EA9A /* Main.storyboard */; };
		7FE6CA5E20FF5F5300E2EA9A /* TaskCoreData.xcdatamodeld in Sources */ = {isa = PBXBuildFile; fileRef = 7FE6CA5C20FF5F5300E2EA9A /* TaskCoreData.xcdatamodeld */; };
		7FE6CA6020FF5F5400E2EA9A /* Assets.xcassets in Resources */ = {isa = PBXBuildFile; fileRef = 7FE6CA5F20FF5F5400E2EA9A /* Assets.xcassets */; };
		7FE6CA6320FF5F5400E2EA9A /* LaunchScreen.storyboard in Resources */ = {isa = PBXBuildFile; fileRef = 7FE6CA6120FF5F5400E2EA9A /* LaunchScreen.storyboard */; };
		7FE6CA6B20FF5FE900E2EA9A /* Alamofire.framework in Frameworks */ = {isa = PBXBuildFile; fileRef = 7FE6CA6A20FF5FE900E2EA9A /* Alamofire.framework */; };
		7FE6CA6D20FF5FE900E2EA9A /* AlamofireObjectMapper.framework in Frameworks */ = {isa = PBXBuildFile; fileRef = 7FE6CA6C20FF5FE900E2EA9A /* AlamofireObjectMapper.framework */; };
		F5E2EFBBB6049FD0B642269B /* Pods_TaskCoreData.framework in Frameworks */ = {isa = PBXBuildFile; fileRef = D61404DACBCDF9FC507659E9 /* Pods_TaskCoreData.framework */; };
/* End PBXBuildFile section */

/* Begin PBXFileReference section */
		7FE6CA5220FF5F5300E2EA9A /* TaskCoreData.app */ = {isa = PBXFileReference; explicitFileType = wrapper.application; includeInIndex = 0; path = TaskCoreData.app; sourceTree = BUILT_PRODUCTS_DIR; };
		7FE6CA5520FF5F5300E2EA9A /* AppDelegate.swift */ = {isa = PBXFileReference; lastKnownFileType = sourcecode.swift; path = AppDelegate.swift; sourceTree = "<group>"; };
		7FE6CA5720FF5F5300E2EA9A /* ViewController.swift */ = {isa = PBXFileReference; lastKnownFileType = sourcecode.swift; path = ViewController.swift; sourceTree = "<group>"; };
		7FE6CA5A20FF5F5300E2EA9A /* Base */ = {isa = PBXFileReference; lastKnownFileType = file.storyboard; name = Base; path = Base.lproj/Main.storyboard; sourceTree = "<group>"; };
		7FE6CA5D20FF5F5300E2EA9A /* TaskCoreData.xcdatamodel */ = {isa = PBXFileReference; lastKnownFileType = wrapper.xcdatamodel; path = TaskCoreData.xcdatamodel; sourceTree = "<group>"; };
		7FE6CA5F20FF5F5400E2EA9A /* Assets.xcassets */ = {isa = PBXFileReference; lastKnownFileType = folder.assetcatalog; path = Assets.xcassets; sourceTree = "<group>"; };
		7FE6CA6220FF5F5400E2EA9A /* Base */ = {isa = PBXFileReference; lastKnownFileType = file.storyboard; name = Base; path = Base.lproj/LaunchScreen.storyboard; sourceTree = "<group>"; };
		7FE6CA6420FF5F5400E2EA9A /* Info.plist */ = {isa = PBXFileReference; lastKnownFileType = text.plist.xml; path = Info.plist; sourceTree = "<group>"; };
		7FE6CA6A20FF5FE900E2EA9A /* Alamofire.framework */ = {isa = PBXFileReference; explicitFileType = wrapper.framework; path = Alamofire.framework; sourceTree = BUILT_PRODUCTS_DIR; };
		7FE6CA6C20FF5FE900E2EA9A /* AlamofireObjectMapper.framework */ = {isa = PBXFileReference; explicitFileType = wrapper.framework; path = AlamofireObjectMapper.framework; sourceTree = BUILT_PRODUCTS_DIR; };
		8538D22B2CCEBFCBFE9823D7 /* Pods-TaskCoreData.release.xcconfig */ = {isa = PBXFileReference; includeInIndex = 1; lastKnownFileType = text.xcconfig; name = "Pods-TaskCoreData.release.xcconfig"; path = "Pods/Target Support Files/Pods-TaskCoreData/Pods-TaskCoreData.release.xcconfig"; sourceTree = "<group>"; };
		D2B7B02BDFEC14262B13480A /* Pods-TaskCoreData.debug.xcconfig */ = {isa = PBXFileReference; includeInIndex = 1; lastKnownFileType = text.xcconfig; name = "Pods-TaskCoreData.debug.xcconfig"; path = "Pods/Target Support Files/Pods-TaskCoreData/Pods-TaskCoreData.debug.xcconfig"; sourceTree = "<group>"; };
		D61404DACBCDF9FC507659E9 /* Pods_TaskCoreData.framework */ = {isa = PBXFileReference; explicitFileType = wrapper.framework; includeInIndex = 0; path = Pods_TaskCoreData.framework; sourceTree = BUILT_PRODUCTS_DIR; };
/* End PBXFileReference section */

/* Begin PBXFrameworksBuildPhase section */
		7FE6CA4F20FF5F5300E2EA9A /* Frameworks */ = {
			isa = PBXFrameworksBuildPhase;
			buildActionMask = 2147483647;
			files = (
				7FE6CA6B20FF5FE900E2EA9A /* Alamofire.framework in Frameworks */,
				7FE6CA6D20FF5FE900E2EA9A /* AlamofireObjectMapper.framework in Frameworks */,
				F5E2EFBBB6049FD0B642269B /* Pods_TaskCoreData.framework in Frameworks */,
			);
			runOnlyForDeploymentPostprocessing = 0;
		};
/* End PBXFrameworksBuildPhase section */

/* Begin PBXGroup section */
		21F475B8AAE64F0D6419A73F /* Pods */ = {
			isa = PBXGroup;
			children = (
				D2B7B02BDFEC14262B13480A /* Pods-TaskCoreData.debug.xcconfig */,
				8538D22B2CCEBFCBFE9823D7 /* Pods-TaskCoreData.release.xcconfig */,
			);
			name = Pods;
			sourceTree = "<group>";
		};
		7FE6CA4920FF5F5300E2EA9A = {
			isa = PBXGroup;
			children = (
				7FE6CA5420FF5F5300E2EA9A /* TaskCoreData */,
				7FE6CA5320FF5F5300E2EA9A /* Products */,
				21F475B8AAE64F0D6419A73F /* Pods */,
				F58AA8ECCBB2AF7816FAA4CB /* Frameworks */,
			);
			sourceTree = "<group>";
		};
		7FE6CA5320FF5F5300E2EA9A /* Products */ = {
			isa = PBXGroup;
			children = (
				7FE6CA5220FF5F5300E2EA9A /* TaskCoreData.app */,
			);
			name = Products;
			sourceTree = "<group>";
		};
		7FE6CA5420FF5F5300E2EA9A /* TaskCoreData */ = {
			isa = PBXGroup;
			children = (
				7FE6CA5520FF5F5300E2EA9A /* AppDelegate.swift */,
				7FE6CA5720FF5F5300E2EA9A /* ViewController.swift */,
				7FE6CA5920FF5F5300E2EA9A /* Main.storyboard */,
				7FE6CA5F20FF5F5400E2EA9A /* Assets.xcassets */,
				7FE6CA6120FF5F5400E2EA9A /* LaunchScreen.storyboard */,
				7FE6CA6420FF5F5400E2EA9A /* Info.plist */,
				7FE6CA5C20FF5F5300E2EA9A /* TaskCoreData.xcdatamodeld */,
			);
			path = TaskCoreData;
			sourceTree = "<group>";
		};
		F58AA8ECCBB2AF7816FAA4CB /* Frameworks */ = {
			isa = PBXGroup;
			children = (
				7FE6CA6A20FF5FE900E2EA9A /* Alamofire.framework */,
				7FE6CA6C20FF5FE900E2EA9A /* AlamofireObjectMapper.framework */,
				D61404DACBCDF9FC507659E9 /* Pods_TaskCoreData.framework */,
			);
			name = Frameworks;
			sourceTree = "<group>";
		};
/* End PBXGroup section */

/* Begin PBXNativeTarget section */
		7FE6CA5120FF5F5300E2EA9A /* TaskCoreData */ = {
			isa = PBXNativeTarget;
			buildConfigurationList = 7FE6CA6720FF5F5400E2EA9A /* Build configuration list for PBXNativeTarget "TaskCoreData" */;
			buildPhases = (
				329DA907CDC01C1E3A7DE7DC /* [CP] Check Pods Manifest.lock */,
				7FE6CA4E20FF5F5300E2EA9A /* Sources */,
				7FE6CA4F20FF5F5300E2EA9A /* Frameworks */,
				7FE6CA5020FF5F5300E2EA9A /* Resources */,
				485F9ECDA83B9E56873039FB /* [CP] Embed Pods Frameworks */,
			);
			buildRules = (
			);
			dependencies = (
			);
			name = TaskCoreData;
			productName = TaskCoreData;
			productReference = 7FE6CA5220FF5F5300E2EA9A /* TaskCoreData.app */;
			productType = "com.apple.product-type.application";
		};
/* End PBXNativeTarget section */

/* Begin PBXProject section */
		7FE6CA4A20FF5F5300E2EA9A /* Project object */ = {
			isa = PBXProject;
			attributes = {
				LastSwiftUpdateCheck = 0940;
				LastUpgradeCheck = 0940;
				ORGANIZATIONNAME = user1;
				TargetAttributes = {
					7FE6CA5120FF5F5300E2EA9A = {
						CreatedOnToolsVersion = 9.4.1;
					};
				};
			};
			buildConfigurationList = 7FE6CA4D20FF5F5300E2EA9A /* Build configuration list for PBXProject "TaskCoreData" */;
			compatibilityVersion = "Xcode 9.3";
			developmentRegion = en;
			hasScannedForEncodings = 0;
			knownRegions = (
				en,
				Base,
			);
			mainGroup = 7FE6CA4920FF5F5300E2EA9A;
			productRefGroup = 7FE6CA5320FF5F5300E2EA9A /* Products */;
			projectDirPath = "";
			projectRoot = "";
			targets = (
				7FE6CA5120FF5F5300E2EA9A /* TaskCoreData */,
			);
		};
/* End PBXProject section */

/* Begin PBXResourcesBuildPhase section */
		7FE6CA5020FF5F5300E2EA9A /* Resources */ = {
			isa = PBXResourcesBuildPhase;
			buildActionMask = 2147483647;
			files = (
				7FE6CA6320FF5F5400E2EA9A /* LaunchScreen.storyboard in Resources */,
				7FE6CA6020FF5F5400E2EA9A /* Assets.xcassets in Resources */,
				7FE6CA5B20FF5F5300E2EA9A /* Main.storyboard in Resources */,
			);
			runOnlyForDeploymentPostprocessing = 0;
		};
/* End PBXResourcesBuildPhase section */

/* Begin PBXShellScriptBuildPhase section */
		329DA907CDC01C1E3A7DE7DC /* [CP] Check Pods Manifest.lock */ = {
			isa = PBXShellScriptBuildPhase;
			buildActionMask = 2147483647;
			files = (
			);
			inputPaths = (
				"${PODS_PODFILE_DIR_PATH}/Podfile.lock",
				"${PODS_ROOT}/Manifest.lock",
			);
			name = "[CP] Check Pods Manifest.lock";
			outputPaths = (
				"$(DERIVED_FILE_DIR)/Pods-TaskCoreData-checkManifestLockResult.txt",
			);
			runOnlyForDeploymentPostprocessing = 0;
			shellPath = /bin/sh;
			shellScript = "diff \"${PODS_PODFILE_DIR_PATH}/Podfile.lock\" \"${PODS_ROOT}/Manifest.lock\" > /dev/null\nif [ $? != 0 ] ; then\n    # print error to STDERR\n    echo \"error: The sandbox is not in sync with the Podfile.lock. Run 'pod install' or update your CocoaPods installation.\" >&2\n    exit 1\nfi\n# This output is used by Xcode 'outputs' to avoid re-running this script phase.\necho \"SUCCESS\" > \"${SCRIPT_OUTPUT_FILE_0}\"\n";
			showEnvVarsInLog = 0;
		};
		485F9ECDA83B9E56873039FB /* [CP] Embed Pods Frameworks */ = {
			isa = PBXShellScriptBuildPhase;
			buildActionMask = 2147483647;
			files = (
			);
			inputPaths = (
				"${SRCROOT}/Pods/Target Support Files/Pods-TaskCoreData/Pods-TaskCoreData-frameworks.sh",
				"${BUILT_PRODUCTS_DIR}/Alamofire/Alamofire.framework",
				"${BUILT_PRODUCTS_DIR}/AlamofireObjectMapper/AlamofireObjectMapper.framework",
				"${BUILT_PRODUCTS_DIR}/ObjectMapper/ObjectMapper.framework",
			);
			name = "[CP] Embed Pods Frameworks";
			outputPaths = (
				"${TARGET_BUILD_DIR}/${FRAMEWORKS_FOLDER_PATH}/Alamofire.framework",
				"${TARGET_BUILD_DIR}/${FRAMEWORKS_FOLDER_PATH}/AlamofireObjectMapper.framework",
				"${TARGET_BUILD_DIR}/${FRAMEWORKS_FOLDER_PATH}/ObjectMapper.framework",
			);
			runOnlyForDeploymentPostprocessing = 0;
			shellPath = /bin/sh;
			shellScript = "\"${SRCROOT}/Pods/Target Support Files/Pods-TaskCoreData/Pods-TaskCoreData-frameworks.sh\"\n";
			showEnvVarsInLog = 0;
		};
/* End PBXShellScriptBuildPhase section */

/* Begin PBXSourcesBuildPhase section */
		7FE6CA4E20FF5F5300E2EA9A /* Sources */ = {
			isa = PBXSourcesBuildPhase;
			buildActionMask = 2147483647;
			files = (
				7FE6CA5820FF5F5300E2EA9A /* ViewController.swift in Sources */,
				7FE6CA5E20FF5F5300E2EA9A /* TaskCoreData.xcdatamodeld in Sources */,
				7FE6CA5620FF5F5300E2EA9A /* AppDelegate.swift in Sources */,
			);
			runOnlyForDeploymentPostprocessing = 0;
		};
/* End PBXSourcesBuildPhase section */

/* Begin PBXVariantGroup section */
		7FE6CA5920FF5F5300E2EA9A /* Main.storyboard */ = {
			isa = PBXVariantGroup;
			children = (
				7FE6CA5A20FF5F5300E2EA9A /* Base */,
			);
			name = Main.storyboard;
			sourceTree = "<group>";
		};
		7FE6CA6120FF5F5400E2EA9A /* LaunchScreen.storyboard */ = {
			isa = PBXVariantGroup;
			children = (
				7FE6CA6220FF5F5400E2EA9A /* Base */,
			);
			name = LaunchScreen.storyboard;
			sourceTree = "<group>";
		};
/* End PBXVariantGroup section */

/* Begin XCBuildConfiguration section */
		7FE6CA6520FF5F5400E2EA9A /* Debug */ = {
			isa = XCBuildConfiguration;
			buildSettings = {
				ALWAYS_SEARCH_USER_PATHS = NO;
				CLANG_ANALYZER_NONNULL = YES;
				CLANG_ANALYZER_NUMBER_OBJECT_CONVERSION = YES_AGGRESSIVE;
				CLANG_CXX_LANGUAGE_STANDARD = "gnu++14";
				CLANG_CXX_LIBRARY = "libc++";
				CLANG_ENABLE_MODULES = YES;
				CLANG_ENABLE_OBJC_ARC = YES;
				CLANG_ENABLE_OBJC_WEAK = YES;
				CLANG_WARN_BLOCK_CAPTURE_AUTORELEASING = YES;
				CLANG_WARN_BOOL_CONVERSION = YES;
				CLANG_WARN_COMMA = YES;
				CLANG_WARN_CONSTANT_CONVERSION = YES;
				CLANG_WARN_DEPRECATED_OBJC_IMPLEMENTATIONS = YES;
				CLANG_WARN_DIRECT_OBJC_ISA_USAGE = YES_ERROR;
				CLANG_WARN_DOCUMENTATION_COMMENTS = YES;
				CLANG_WARN_EMPTY_BODY = YES;
				CLANG_WARN_ENUM_CONVERSION = YES;
				CLANG_WARN_INFINITE_RECURSION = YES;
				CLANG_WARN_INT_CONVERSION = YES;
				CLANG_WARN_NON_LITERAL_NULL_CONVERSION = YES;
				CLANG_WARN_OBJC_IMPLICIT_RETAIN_SELF = YES;
				CLANG_WARN_OBJC_LITERAL_CONVERSION = YES;
				CLANG_WARN_OBJC_ROOT_CLASS = YES_ERROR;
				CLANG_WARN_RANGE_LOOP_ANALYSIS = YES;
				CLANG_WARN_STRICT_PROTOTYPES = YES;
				CLANG_WARN_SUSPICIOUS_MOVE = YES;
				CLANG_WARN_UNGUARDED_AVAILABILITY = YES_AGGRESSIVE;
				CLANG_WARN_UNREACHABLE_CODE = YES;
				CLANG_WARN__DUPLICATE_METHOD_MATCH = YES;
				CODE_SIGN_IDENTITY = "iPhone Developer";
				COPY_PHASE_STRIP = NO;
				DEBUG_INFORMATION_FORMAT = dwarf;
				ENABLE_STRICT_OBJC_MSGSEND = YES;
				ENABLE_TESTABILITY = YES;
				GCC_C_LANGUAGE_STANDARD = gnu11;
				GCC_DYNAMIC_NO_PIC = NO;
				GCC_NO_COMMON_BLOCKS = YES;
				GCC_OPTIMIZATION_LEVEL = 0;
				GCC_PREPROCESSOR_DEFINITIONS = (
					"DEBUG=1",
					"$(inherited)",
				);
				GCC_WARN_64_TO_32_BIT_CONVERSION = YES;
				GCC_WARN_ABOUT_RETURN_TYPE = YES_ERROR;
				GCC_WARN_UNDECLARED_SELECTOR = YES;
				GCC_WARN_UNINITIALIZED_AUTOS = YES_AGGRESSIVE;
				GCC_WARN_UNUSED_FUNCTION = YES;
				GCC_WARN_UNUSED_VARIABLE = YES;
				IPHONEOS_DEPLOYMENT_TARGET = 11.4;
				MTL_ENABLE_DEBUG_INFO = YES;
				ONLY_ACTIVE_ARCH = YES;
				SDKROOT = iphoneos;
				SWIFT_ACTIVE_COMPILATION_CONDITIONS = DEBUG;
				SWIFT_OPTIMIZATION_LEVEL = "-Onone";
			};
			name = Debug;
		};
		7FE6CA6620FF5F5400E2EA9A /* Release */ = {
			isa = XCBuildConfiguration;
			buildSettings = {
				ALWAYS_SEARCH_USER_PATHS = NO;
				CLANG_ANALYZER_NONNULL = YES;
				CLANG_ANALYZER_NUMBER_OBJECT_CONVERSION = YES_AGGRESSIVE;
				CLANG_CXX_LANGUAGE_STANDARD = "gnu++14";
				CLANG_CXX_LIBRARY = "libc++";
				CLANG_ENABLE_MODULES = YES;
				CLANG_ENABLE_OBJC_ARC = YES;
				CLANG_ENABLE_OBJC_WEAK = YES;
				CLANG_WARN_BLOCK_CAPTURE_AUTORELEASING = YES;
				CLANG_WARN_BOOL_CONVERSION = YES;
				CLANG_WARN_COMMA = YES;
				CLANG_WARN_CONSTANT_CONVERSION = YES;
				CLANG_WARN_DEPRECATED_OBJC_IMPLEMENTATIONS = YES;
				CLANG_WARN_DIRECT_OBJC_ISA_USAGE = YES_ERROR;
				CLANG_WARN_DOCUMENTATION_COMMENTS = YES;
				CLANG_WARN_EMPTY_BODY = YES;
				CLANG_WARN_ENUM_CONVERSION = YES;
				CLANG_WARN_INFINITE_RECURSION = YES;
				CLANG_WARN_INT_CONVERSION = YES;
				CLANG_WARN_NON_LITERAL_NULL_CONVERSION = YES;
				CLANG_WARN_OBJC_IMPLICIT_RETAIN_SELF = YES;
				CLANG_WARN_OBJC_LITERAL_CONVERSION = YES;
				CLANG_WARN_OBJC_ROOT_CLASS = YES_ERROR;
				CLANG_WARN_RANGE_LOOP_ANALYSIS = YES;
				CLANG_WARN_STRICT_PROTOTYPES = YES;
				CLANG_WARN_SUSPICIOUS_MOVE = YES;
				CLANG_WARN_UNGUARDED_AVAILABILITY = YES_AGGRESSIVE;
				CLANG_WARN_UNREACHABLE_CODE = YES;
				CLANG_WARN__DUPLICATE_METHOD_MATCH = YES;
				CODE_SIGN_IDENTITY = "iPhone Developer";
				COPY_PHASE_STRIP = NO;
				DEBUG_INFORMATION_FORMAT = "dwarf-with-dsym";
				ENABLE_NS_ASSERTIONS = NO;
				ENABLE_STRICT_OBJC_MSGSEND = YES;
				GCC_C_LANGUAGE_STANDARD = gnu11;
				GCC_NO_COMMON_BLOCKS = YES;
				GCC_WARN_64_TO_32_BIT_CONVERSION = YES;
				GCC_WARN_ABOUT_RETURN_TYPE = YES_ERROR;
				GCC_WARN_UNDECLARED_SELECTOR = YES;
				GCC_WARN_UNINITIALIZED_AUTOS = YES_AGGRESSIVE;
				GCC_WARN_UNUSED_FUNCTION = YES;
				GCC_WARN_UNUSED_VARIABLE = YES;
				IPHONEOS_DEPLOYMENT_TARGET = 11.4;
				MTL_ENABLE_DEBUG_INFO = NO;
				SDKROOT = iphoneos;
				SWIFT_COMPILATION_MODE = wholemodule;
				SWIFT_OPTIMIZATION_LEVEL = "-O";
				VALIDATE_PRODUCT = YES;
			};
			name = Release;
		};
		7FE6CA6820FF5F5400E2EA9A /* Debug */ = {
			isa = XCBuildConfiguration;
			baseConfigurationReference = D2B7B02BDFEC14262B13480A /* Pods-TaskCoreData.debug.xcconfig */;
			buildSettings = {
				ASSETCATALOG_COMPILER_APPICON_NAME = AppIcon;
				CODE_SIGN_STYLE = Automatic;
				INFOPLIST_FILE = TaskCoreData/Info.plist;
				LD_RUNPATH_SEARCH_PATHS = (
					"$(inherited)",
					"@executable_path/Frameworks",
				);
				PRODUCT_BUNDLE_IDENTIFIER = test.TaskCoreData;
				PRODUCT_NAME = "$(TARGET_NAME)";
				SWIFT_VERSION = 4.0;
				TARGETED_DEVICE_FAMILY = "1,2";
			};
			name = Debug;
		};
		7FE6CA6920FF5F5400E2EA9A /* Release */ = {
			isa = XCBuildConfiguration;
			baseConfigurationReference = 8538D22B2CCEBFCBFE9823D7 /* Pods-TaskCoreData.release.xcconfig */;
			buildSettings = {
				ASSETCATALOG_COMPILER_APPICON_NAME = AppIcon;
				CODE_SIGN_STYLE = Automatic;
				INFOPLIST_FILE = TaskCoreData/Info.plist;
				LD_RUNPATH_SEARCH_PATHS = (
					"$(inherited)",
					"@executable_path/Frameworks",
				);
				PRODUCT_BUNDLE_IDENTIFIER = test.TaskCoreData;
				PRODUCT_NAME = "$(TARGET_NAME)";
				SWIFT_VERSION = 4.0;
				TARGETED_DEVICE_FAMILY = "1,2";
			};
			name = Release;
		};
/* End XCBuildConfiguration section */

/* Begin XCConfigurationList section */
		7FE6CA4D20FF5F5300E2EA9A /* Build configuration list for PBXProject "TaskCoreData" */ = {
			isa = XCConfigurationList;
			buildConfigurations = (
				7FE6CA6520FF5F5400E2EA9A /* Debug */,
				7FE6CA6620FF5F5400E2EA9A /* Release */,
			);
			defaultConfigurationIsVisible = 0;
			defaultConfigurationName = Release;
		};
		7FE6CA6720FF5F5400E2EA9A /* Build configuration list for PBXNativeTarget "TaskCoreData" */ = {
			isa = XCConfigurationList;
			buildConfigurations = (
				7FE6CA6820FF5F5400E2EA9A /* Debug */,
				7FE6CA6920FF5F5400E2EA9A /* Release */,
			);
			defaultConfigurationIsVisible = 0;
			defaultConfigurationName = Release;
		};
/* End XCConfigurationList section */

/* Begin XCVersionGroup section */
		7FE6CA5C20FF5F5300E2EA9A /* TaskCoreData.xcdatamodeld */ = {
			isa = XCVersionGroup;
			children = (
				7FE6CA5D20FF5F5300E2EA9A /* TaskCoreData.xcdatamodel */,
			);
			currentVersion = 7FE6CA5D20FF5F5300E2EA9A /* TaskCoreData.xcdatamodel */;
			path = TaskCoreData.xcdatamodeld;
			sourceTree = "<group>";
			versionGroupType = wrapper.xcdatamodel;
		};
/* End XCVersionGroup section */
	};
	rootObject = 7FE6CA4A20FF5F5300E2EA9A /* Project object */;
}
